PODS:
  - AppAuth (1.6.2):
    - AppAuth/Core (= 1.6.2)
    - AppAuth/ExternalUserAgent (= 1.6.2)
  - AppAuth/Core (1.6.2)
  - AppAuth/ExternalUserAgent (1.6.2):
    - AppAuth/Core
  - Capacitor (5.5.1):
    - CapacitorCordova
  - CapacitorApp (5.0.3):
    - Capacitor
  - CapacitorCamera (5.0.7):
    - Capacitor
  - CapacitorCordova (5.5.1)
  - CapacitorGeolocation (5.0.6):
    - Capacitor
  - CapacitorGoogleMaps (5.3.3):
    - Capacitor
    - Google-Maps-iOS-Utils (~> 4.1)
    - GoogleMaps (~> 7.3)
  - CapacitorHaptics (5.0.4):
    - Capacitor
  - CapacitorKeyboard (5.0.4):
    - Capacitor
  - CapacitorSplashScreen (5.0.6):
    - Capacitor
  - CapacitorStatusBar (5.0.4):
    - Capacitor
  - CodetrixStudioCapacitorGoogleAuth (0.0.1):
    - Capacitor
    - GoogleSignIn (~> 6.2.4)
  - CordovaPluginsStatic (5.5.1):
    - CapacitorCordova
    - FBSDKCoreKit (= 11.1.0)
    - FBSDKLoginKit (= 11.1.0)
    - FBSDKShareKit (= 11.1.0)
  - FBAEMKit (11.1.0):
    - FBAEMKit/AEM (= 11.1.0)
  - FBAEMKit/AEM (11.1.0):
    - FBSDKCoreKit_Basics (~> 11.1.0)
  - FBSDKCoreKit (11.1.0):
    - FBSDKCoreKit/Core (= 11.1.0)
  - FBSDKCoreKit/Core (11.1.0):
    - FBAEMKit (~> 11.1.0)
    - FBSDKCoreKit_Basics (~> 11.1.0)
  - FBSDKCoreKit_Basics (11.1.0):
    - FBSDKCoreKit_Basics/Basics (= 11.1.0)
  - FBSDKCoreKit_Basics/Basics (11.1.0)
  - FBSDKLoginKit (11.1.0):
    - FBSDKLoginKit/Login (= 11.1.0)
  - FBSDKLoginKit/Login (11.1.0):
    - FBSDKCoreKit (~> 11.1.0)
    - FBSDKCoreKit_Basics (~> 11.1.0)
  - FBSDKShareKit (11.1.0):
    - FBSDKShareKit/Share (= 11.1.0)
  - FBSDKShareKit/Share (11.1.0):
    - FBSDKCoreKit (~> 11.1.0)
    - FBSDKCoreKit_Basics (~> 11.1.0)
  - Google-Maps-iOS-Utils (4.2.2):
    - Google-Maps-iOS-Utils/Clustering (= 4.2.2)
    - Google-Maps-iOS-Utils/Geometry (= 4.2.2)
    - Google-Maps-iOS-Utils/GeometryUtils (= 4.2.2)
    - Google-Maps-iOS-Utils/Heatmap (= 4.2.2)
    - Google-Maps-iOS-Utils/QuadTree (= 4.2.2)
    - GoogleMaps (~> 7.3)
  - Google-Maps-iOS-Utils/Clustering (4.2.2):
    - Google-Maps-iOS-Utils/QuadTree
    - GoogleMaps (~> 7.3)
  - Google-Maps-iOS-Utils/Geometry (4.2.2):
    - GoogleMaps (~> 7.3)
  - Google-Maps-iOS-Utils/GeometryUtils (4.2.2):
    - GoogleMaps (~> 7.3)
  - Google-Maps-iOS-Utils/Heatmap (4.2.2):
    - Google-Maps-iOS-Utils/QuadTree
    - GoogleMaps (~> 7.3)
  - Google-Maps-iOS-Utils/QuadTree (4.2.2):
    - GoogleMaps (~> 7.3)
  - GoogleMaps (7.4.0):
    - GoogleMaps/Maps (= 7.4.0)
  - GoogleMaps/Base (7.4.0)
  - GoogleMaps/Maps (7.4.0):
    - GoogleMaps/Base
  - GoogleSignIn (6.2.4):
    - AppAuth (~> 1.5)
    - GTMAppAuth (~> 1.3)
    - GTMSessionFetcher/Core (< 3.0, >= 1.1)
  - GTMAppAuth (1.3.1):
    - AppAuth/Core (~> 1.6)
    - GTMSessionFetcher/Core (< 3.0, >= 1.5)
  - GTMSessionFetcher/Core (2.3.0)

DEPENDENCIES:
  - "Capacitor (from `../../node_modules/@capacitor/ios`)"
  - "CapacitorApp (from `../../node_modules/@capacitor/app`)"
  - "CapacitorCamera (from `../../node_modules/@capacitor/camera`)"
  - "CapacitorCordova (from `../../node_modules/@capacitor/ios`)"
  - "CapacitorGeolocation (from `../../node_modules/@capacitor/geolocation`)"
  - "CapacitorGoogleMaps (from `../../node_modules/@capacitor/google-maps`)"
  - "CapacitorHaptics (from `../../node_modules/@capacitor/haptics`)"
  - "CapacitorKeyboard (from `../../node_modules/@capacitor/keyboard`)"
  - "CapacitorSplashScreen (from `../../node_modules/@capacitor/splash-screen`)"
  - "CapacitorStatusBar (from `../../node_modules/@capacitor/status-bar`)"
  - "CodetrixStudioCapacitorGoogleAuth (from `../../node_modules/@codetrix-studio/capacitor-google-auth`)"
  - CordovaPluginsStatic (from `../capacitor-cordova-ios-plugins`)

SPEC REPOS:
  trunk:
    - AppAuth
    - FBAEMKit
    - FBSDKCoreKit
    - FBSDKCoreKit_Basics
    - FBSDKLoginKit
    - FBSDKShareKit
    - Google-Maps-iOS-Utils
    - GoogleMaps
    - GoogleSignIn
    - GTMAppAuth
    - GTMSessionFetcher

EXTERNAL SOURCES:
  Capacitor:
    :path: "../../node_modules/@capacitor/ios"
  CapacitorApp:
    :path: "../../node_modules/@capacitor/app"
  CapacitorCamera:
    :path: "../../node_modules/@capacitor/camera"
  CapacitorCordova:
    :path: "../../node_modules/@capacitor/ios"
  CapacitorGeolocation:
    :path: "../../node_modules/@capacitor/geolocation"
  CapacitorGoogleMaps:
    :path: "../../node_modules/@capacitor/google-maps"
  CapacitorHaptics:
    :path: "../../node_modules/@capacitor/haptics"
  CapacitorKeyboard:
    :path: "../../node_modules/@capacitor/keyboard"
  CapacitorSplashScreen:
    :path: "../../node_modules/@capacitor/splash-screen"
  CapacitorStatusBar:
    :path: "../../node_modules/@capacitor/status-bar"
  CodetrixStudioCapacitorGoogleAuth:
    :path: "../../node_modules/@codetrix-studio/capacitor-google-auth"
  CordovaPluginsStatic:
    :path: "../capacitor-cordova-ios-plugins"

SPEC CHECKSUMS:
  AppAuth: 3bb1d1cd9340bd09f5ed189fb00b1cc28e1e8570
  Capacitor: 9da0a2415e3b6098511f8b5ffdb578d91ee79f8f
  CapacitorApp: 7a5dec8b33573707164b293475d5c89ba684364a
  CapacitorCamera: 084b0b228bba7d00587910337b1c89e93b1d32ab
  CapacitorCordova: e128cc7688c070ca0bfa439898a5f609da8dbcfe
  CapacitorGeolocation: 7be5f77abc205c0efe319fff8587a7183e7b0240
  CapacitorGoogleMaps: 8268d118faf014c5004b0e711e52af7190257451
  CapacitorHaptics: e36653b37326d71bb35ae42b944124037dbc3d97
  CapacitorKeyboard: d1b25fde6f19744ad09c890862aefc6e2a7ded3d
  CapacitorSplashScreen: 5fa2ab5e46cf5cc530cf16a51c80c7a986579ccd
  CapacitorStatusBar: 190e0321b8734f4244d0c81baa183a00d5806ddf
  CodetrixStudioCapacitorGoogleAuth: fcce058390347c1ce5d8ac4764bdf1f5c1ee233b
  CordovaPluginsStatic: 66493d8acac3ff022f8db9d5109b65e2252fca38
  FBAEMKit: 5c8a8d08e5b2c79628490784883e0fcc75b12615
  FBSDKCoreKit: 7ccb8b4bb2b5ee2ad94327b774dc23f03509675d
  FBSDKCoreKit_Basics: 8f978bce195845f609b0ec6b425949d0d24f525b
  FBSDKLoginKit: d65eb587a9eaa89295338fb0bb3b358bde0b7ae4
  FBSDKShareKit: b2142706d3f2410fb0ea76ad5a63238c71307117
  Google-Maps-iOS-Utils: f77eab4c4326d7e6a277f8e23a0232402731913a
  GoogleMaps: 032f676450ba0779bd8ce16840690915f84e57ac
  GoogleSignIn: 5651ce3a61e56ca864160e79b484cd9ed3f49b7a
  GTMAppAuth: 0ff230db599948a9ad7470ca667337803b3fc4dd
  GTMSessionFetcher: 3a63d75eecd6aa32c2fc79f578064e1214dfdec2

PODFILE CHECKSUM: 954f0b7d25f9b5d5f43d57795afb551b6c9b1664

COCOAPODS: 1.13.0
